<?xml version="1.0" encoding="utf-8"?>
<Project ToolsVersion="4.0" xmlns="http://schemas.microsoft.com/developer/msbuild/2003">
  <ItemGroup>
    <Filter Include="src">
      <UniqueIdentifier>{4FC737F1-C7A5-4376-A066-2A32D752A2FF}</UniqueIdentifier>
      <Extensions>cpp;c;cc;cxx;c++;cppm;ixx;def;odl;idl;hpj;bat;asm;asmx</Extensions>
    </Filter>
    <Filter Include="include">
      <UniqueIdentifier>{93995380-89BD-4b04-88EB-625FBE52EBFB}</UniqueIdentifier>
      <Extensions>h;hh;hpp;hxx;h++;hm;inl;inc;ipp;xsd</Extensions>
    </Filter>
    <Filter Include="include\misc">
      <UniqueIdentifier>{a6015e04-0c66-4898-ac2e-47b7a245246c}</UniqueIdentifier>
    </Filter>
    <Filter Include="include\GameObjcet">
      <UniqueIdentifier>{1b980a94-a536-4daa-90c6-c1e26d41f346}</UniqueIdentifier>
    </Filter>
    <Filter Include="src\misc">
      <UniqueIdentifier>{1e7737a3-0f8c-4da0-857f-a149d6153e49}</UniqueIdentifier>
    </Filter>
    <Filter Include="src\GameObject">
      <UniqueIdentifier>{3ca7dcdd-50e8-48e1-bc5d-ac93d0cff2ff}</UniqueIdentifier>
    </Filter>
    <Filter Include="include\GameUtils">
      <UniqueIdentifier>{94330db2-1db1-4377-8099-26953ea97645}</UniqueIdentifier>
    </Filter>
    <Filter Include="src\GameUtils">
      <UniqueIdentifier>{c72b824a-29fc-4bc5-ad2f-7f05141a777d}</UniqueIdentifier>
    </Filter>
  </ItemGroup>
  <ItemGroup>
    <ClCompile Include="src\main.cpp">
      <Filter>src</Filter>
    </ClCompile>
    <ClCompile Include="src\misc\callib.cpp">
      <Filter>src\misc</Filter>
    </ClCompile>
    <ClCompile Include="src\misc\Global.cpp">
      <Filter>src\misc</Filter>
    </ClCompile>
    <ClCompile Include="src\misc\MouseHandler.cpp">
      <Filter>src\misc</Filter>
    </ClCompile>
    <ClCompile Include="src\misc\KeyBoardHandler.cpp">
      <Filter>src\misc</Filter>
    </ClCompile>
    <ClCompile Include="src\misc\Rand.cpp">
      <Filter>src\misc</Filter>
    </ClCompile>
    <ClCompile Include="src\misc\Core.cpp">
      <Filter>src\misc</Filter>
    </ClCompile>
    <ClCompile Include="src\GameObject\GameObject.cpp">
      <Filter>src\GameObject</Filter>
    </ClCompile>
    <ClCompile Include="src\misc\Drawer.cpp">
      <Filter>src\misc</Filter>
    </ClCompile>
    <ClCompile Include="src\GameObject\Camera.cpp">
      <Filter>src\GameObject</Filter>
    </ClCompile>
    <ClCompile Include="src\GameObject\Entity.cpp">
      <Filter>src\GameObject</Filter>
    </ClCompile>
    <ClCompile Include="src\GameObject\Player.cpp">
      <Filter>src\GameObject</Filter>
    </ClCompile>
    <ClCompile Include="src\GameObject\Exp.cpp">
      <Filter>src\GameObject</Filter>
    </ClCompile>
    <ClCompile Include="src\GameObject\Monster.cpp">
      <Filter>src\GameObject</Filter>
    </ClCompile>
    <ClCompile Include="src\GameObject\Bullet.cpp">
      <Filter>src\GameObject</Filter>
    </ClCompile>
    <ClCompile Include="src\test.cpp">
      <Filter>src</Filter>
    </ClCompile>
    <ClCompile Include="src\GameObject\EffectArea.cpp">
      <Filter>src\GameObject</Filter>
    </ClCompile>
    <ClCompile Include="src\GameObject\UI.cpp">
      <Filter>src\GameObject</Filter>
    </ClCompile>
    <ClCompile Include="src\GameUI.cpp">
      <Filter>src</Filter>
    </ClCompile>
    <ClCompile Include="src\misc\DamageInfo.cpp">
      <Filter>src\misc</Filter>
    </ClCompile>
    <ClCompile Include="src\GameObject\BulletGenerator.cpp">
      <Filter>src\GameObject</Filter>
    </ClCompile>
    <ClCompile Include="src\GameObject\GameManager.cpp">
      <Filter>src\GameObject</Filter>
    </ClCompile>
    <ClCompile Include="src\GameUtils\PlayerUpgrade.cpp">
      <Filter>src\GameUtils</Filter>
    </ClCompile>
    <ClCompile Include="src\GameUtils\Resources.cpp">
      <Filter>src\GameUtils</Filter>
    </ClCompile>
  </ItemGroup>
  <ItemGroup>
    <ClInclude Include="include\Window.h">
      <Filter>include</Filter>
    </ClInclude>
    <ClInclude Include="include\misc\callib.h">
      <Filter>include\misc</Filter>
    </ClInclude>
    <ClInclude Include="include\misc\callib_config.h">
      <Filter>include\misc</Filter>
    </ClInclude>
    <ClInclude Include="include\misc\Core.h">
      <Filter>include\misc</Filter>
    </ClInclude>
    <ClInclude Include="include\misc\Global.h">
      <Filter>include\misc</Filter>
    </ClInclude>
    <ClInclude Include="include\misc\MouseHandler.h">
      <Filter>include\misc</Filter>
    </ClInclude>
    <ClInclude Include="include\App.h">
      <Filter>include</Filter>
    </ClInclude>
    <ClInclude Include="include\misc\KeyBoardHandler.h">
      <Filter>include\misc</Filter>
    </ClInclude>
    <ClInclude Include="include\misc\Rand.h">
      <Filter>include\misc</Filter>
    </ClInclude>
    <ClInclude Include="include\GameObject\GameObject.h">
      <Filter>include\GameObjcet</Filter>
    </ClInclude>
    <ClInclude Include="include\misc\Drawer.h">
      <Filter>include\misc</Filter>
    </ClInclude>
    <ClInclude Include="include\GameObject\Camera.h">
      <Filter>include\GameObjcet</Filter>
    </ClInclude>
    <ClInclude Include="include\GameObject\Player.h">
      <Filter>include\GameObjcet</Filter>
    </ClInclude>
    <ClInclude Include="include\GameObject\Entity.h">
      <Filter>include\GameObjcet</Filter>
    </ClInclude>
    <ClInclude Include="include\GameObject\Exp.h">
      <Filter>include\GameObjcet</Filter>
    </ClInclude>
    <ClInclude Include="include\GameObject\Monster.h">
      <Filter>include\GameObjcet</Filter>
    </ClInclude>
    <ClInclude Include="include\GameObject\Bullet.h">
      <Filter>include\GameObjcet</Filter>
    </ClInclude>
    <ClInclude Include="include\GameObject\EffectArea.h">
      <Filter>include\GameObjcet</Filter>
    </ClInclude>
    <ClInclude Include="include\GameObject\UI.h">
      <Filter>include\GameObjcet</Filter>
    </ClInclude>
    <ClInclude Include="include\GameObject\BulletGenerator.h">
      <Filter>include\GameObjcet</Filter>
    </ClInclude>
    <ClInclude Include="include\misc\DamageInfo.h">
      <Filter>include\misc</Filter>
    </ClInclude>
    <ClInclude Include="include\misc\Prefab.h">
      <Filter>include\misc</Filter>
    </ClInclude>
    <ClInclude Include="include\GameObject\GameManager.h">
      <Filter>include\GameObjcet</Filter>
    </ClInclude>
    <ClInclude Include="include\GameUtils\PlayerUpgrade.h">
      <Filter>include\GameUtils</Filter>
    </ClInclude>
    <ClInclude Include="include\GameUtils\Resources.h">
      <Filter>include\GameUtils</Filter>
    </ClInclude>
  </ItemGroup>
</Project>