
Microsoft Visual Studio Solution File, Format Version 12.00
# Visual Studio Version 17
VisualStudioVersion = 17.6.33829.357
MinimumVisualStudioVersion = 10.0.40219.1
Project("{8BC9CEB8-8B4A-11D0-8D11-00A0C91BC942}") = "CLR_TankGame", "CLR_TankGame.vcxproj", "{4F990C1C-F92E-41CE-9DBF-D90879E79327}"
EndProject
Global
	GlobalSection(SolutionConfigurationPlatforms) = preSolution
		Debug|x64 = Debug|x64
		Debug|x86 = Debug|x86
		Release|x64 = Release|x64
		Release|x86 = Release|x86
	EndGlobalSection
	GlobalSection(ProjectConfigurationPlatforms) = postSolution
		{4F990C1C-F92E-41CE-9DBF-D90879E79327}.Debug|x64.ActiveCfg = Debug|x64
		{4F990C1C-F92E-41CE-9DBF-D90879E79327}.Debug|x64.Build.0 = Debug|x64
		{4F990C1C-F92E-41CE-9DBF-D90879E79327}.Debug|x86.ActiveCfg = Debug|Win32
		{4F990C1C-F92E-41CE-9DBF-D90879E79327}.Debug|x86.Build.0 = Debug|Win32
		{4F990C1C-F92E-41CE-9DBF-D90879E79327}.Release|x64.ActiveCfg = Release|x64
		{4F990C1C-F92E-41CE-9DBF-D90879E79327}.Release|x64.Build.0 = Release|x64
		{4F990C1C-F92E-41CE-9DBF-D90879E79327}.Release|x86.ActiveCfg = Release|Win32
		{4F990C1C-F92E-41CE-9DBF-D90879E79327}.Release|x86.Build.0 = Release|Win32
	EndGlobalSection
	GlobalSection(SolutionProperties) = preSolution
		HideSolutionNode = FALSE
	EndGlobalSection
	GlobalSection(ExtensibilityGlobals) = postSolution
		SolutionGuid = {8D070E52-5A97-42D8-9338-01F4ED39648C}
	EndGlobalSection
EndGlobal
